
Microsoft Visual Studio Solution File, Format Version 12.00
# Visual Studio Version 17
VisualStudioVersion = 17.5.002.0
MinimumVisualStudioVersion = 10.0.40219.1
Project("{2150E333-8FDC-42A3-9474-1A3956D46DE8}") = "Lab12_0258", "Lab12_0258", "{92DC26F2-5BBB-4965-B171-ABCB8409235D}"
EndProject
Project("{9A19103F-16F7-4668-BE54-9A1E7A4F7556}") = "Lab12_Ex01", "Lab12_0258\Lab12_Ex01\Lab12_Ex01.csproj", "{C10D4CD6-3B9B-4727-A644-BD73D2281CAD}"
EndProject
Global
	GlobalSection(SolutionConfigurationPlatforms) = preSolution
		Debug|Any CPU = Debug|Any CPU
		Release|Any CPU = Release|Any CPU
	EndGlobalSection
	GlobalSection(ProjectConfigurationPlatforms) = postSolution
		{C10D4CD6-3B9B-4727-A644-BD73D2281CAD}.Debug|Any CPU.ActiveCfg = Debug|Any CPU
		{C10D4CD6-3B9B-4727-A644-BD73D2281CAD}.Debug|Any CPU.Build.0 = Debug|Any CPU
		{C10D4CD6-3B9B-4727-A644-BD73D2281CAD}.Release|Any CPU.ActiveCfg = Release|Any CPU
		{C10D4CD6-3B9B-4727-A644-BD73D2281CAD}.Release|Any CPU.Build.0 = Release|Any CPU
	EndGlobalSection
	GlobalSection(SolutionProperties) = preSolution
		HideSolutionNode = FALSE
	EndGlobalSection
	GlobalSection(NestedProjects) = preSolution
		{C10D4CD6-3B9B-4727-A644-BD73D2281CAD} = {92DC26F2-5BBB-4965-B171-ABCB8409235D}
	EndGlobalSection
	GlobalSection(ExtensibilityGlobals) = postSolution
		SolutionGuid = {46E73AE2-17EC-4AA7-920D-1F8AF48C2432}
	EndGlobalSection
EndGlobal
